{
  "version": "3",
  "packages": {
    "specifiers": {
      "jsr:@std/cli@^1.0.1": "jsr:@std/cli@1.0.1"
    },
    "jsr": {
      "@std/cli@1.0.1": {
        "integrity": "d0661fba13b30e3c0121646589fa9beeeabe92482c6b04679ea0e7ec683d97f2"
      }
    }
  },
  "remote": {},
  "workspace": {
    "dependencies": [
      "jsr:@std/cli@^1.0.1"
    ]
  }
}
